
Microsoft Visual Studio Solution File, Format Version 12.00
# Visual Studio Version 16
VisualStudioVersion = 16.0.29613.14
MinimumVisualStudioVersion = 10.0.40219.1
Project("{FAE04EC0-301F-11D3-BF4B-00C04F79EFBC}") = "Vending.Client", "Vending.Client\Vending.Client.csproj", "{D149BF2B-2A65-42C5-BAA0-CFC68BC8A152}"
EndProject
Project("{FAE04EC0-301F-11D3-BF4B-00C04F79EFBC}") = "Vending.Model", "Vending.Model\Vending.Model.csproj", "{13550AF2-D7D7-400B-B2BC-BF16369B8F9C}"
EndProject
Global
	GlobalSection(SolutionConfigurationPlatforms) = preSolution
		Debug|Any CPU = Debug|Any CPU
		Release|Any CPU = Release|Any CPU
	EndGlobalSection
	GlobalSection(ProjectConfigurationPlatforms) = postSolution
		{D149BF2B-2A65-42C5-BAA0-CFC68BC8A152}.Debug|Any CPU.ActiveCfg = Debug|Any CPU
		{D149BF2B-2A65-42C5-BAA0-CFC68BC8A152}.Debug|Any CPU.Build.0 = Debug|Any CPU
		{D149BF2B-2A65-42C5-BAA0-CFC68BC8A152}.Release|Any CPU.ActiveCfg = Release|Any CPU
		{D149BF2B-2A65-42C5-BAA0-CFC68BC8A152}.Release|Any CPU.Build.0 = Release|Any CPU
		{13550AF2-D7D7-400B-B2BC-BF16369B8F9C}.Debug|Any CPU.ActiveCfg = Debug|Any CPU
		{13550AF2-D7D7-400B-B2BC-BF16369B8F9C}.Debug|Any CPU.Build.0 = Debug|Any CPU
		{13550AF2-D7D7-400B-B2BC-BF16369B8F9C}.Release|Any CPU.ActiveCfg = Release|Any CPU
		{13550AF2-D7D7-400B-B2BC-BF16369B8F9C}.Release|Any CPU.Build.0 = Release|Any CPU
	EndGlobalSection
	GlobalSection(SolutionProperties) = preSolution
		HideSolutionNode = FALSE
	EndGlobalSection
	GlobalSection(ExtensibilityGlobals) = postSolution
		SolutionGuid = {DC1FC07D-462D-4873-B1EA-89EB6E1623DF}
	EndGlobalSection
EndGlobal
